
Microsoft Visual Studio Solution File, Format Version 12.00
# Visual Studio 15
VisualStudioVersion = 15.0.27130.2020
MinimumVisualStudioVersion = 10.0.40219.1
Project("{FAE04EC0-301F-11D3-BF4B-00C04F79EFBC}") = "MacroTracker", "MacroTracker\MacroTracker.csproj", "{E6A0142E-DD32-4139-896F-2BE860538363}"
EndProject
Global
	GlobalSection(SolutionConfigurationPlatforms) = preSolution
		Debug|Any CPU = Debug|Any CPU
		Release|Any CPU = Release|Any CPU
	EndGlobalSection
	GlobalSection(ProjectConfigurationPlatforms) = postSolution
		{E6A0142E-DD32-4139-896F-2BE860538363}.Debug|Any CPU.ActiveCfg = Debug|Any CPU
		{E6A0142E-DD32-4139-896F-2BE860538363}.Debug|Any CPU.Build.0 = Debug|Any CPU
		{E6A0142E-DD32-4139-896F-2BE860538363}.Release|Any CPU.ActiveCfg = Release|Any CPU
		{E6A0142E-DD32-4139-896F-2BE860538363}.Release|Any CPU.Build.0 = Release|Any CPU
	EndGlobalSection
	GlobalSection(SolutionProperties) = preSolution
		HideSolutionNode = FALSE
	EndGlobalSection
	GlobalSection(ExtensibilityGlobals) = postSolution
		SolutionGuid = {CFC37554-C7C0-4890-B6CA-70C8FAF718ED}
	EndGlobalSection
EndGlobal
